
Microsoft Visual Studio Solution File, Format Version 12.00
# Visual Studio Version 17
VisualStudioVersion = 17.0.31903.59
MinimumVisualStudioVersion = 10.0.40219.1
Project("{FAE04EC0-301F-11D3-BF4B-00C04F79EFBC}") = "API", "API\API.csproj", "{2625915C-A1D9-4BF9-AC7A-BC3D68327903}"
EndProject
Global
	GlobalSection(SolutionConfigurationPlatforms) = preSolution
		Debug|Any CPU = Debug|Any CPU
		Release|Any CPU = Release|Any CPU
	EndGlobalSection
	GlobalSection(SolutionProperties) = preSolution
		HideSolutionNode = FALSE
	EndGlobalSection
	GlobalSection(ProjectConfigurationPlatforms) = postSolution
		{2625915C-A1D9-4BF9-AC7A-BC3D68327903}.Debug|Any CPU.ActiveCfg = Debug|Any CPU
		{2625915C-A1D9-4BF9-AC7A-BC3D68327903}.Debug|Any CPU.Build.0 = Debug|Any CPU
		{2625915C-A1D9-4BF9-AC7A-BC3D68327903}.Release|Any CPU.ActiveCfg = Release|Any CPU
		{2625915C-A1D9-4BF9-AC7A-BC3D68327903}.Release|Any CPU.Build.0 = Release|Any CPU
	EndGlobalSection
EndGlobal
